
Microsoft Visual Studio Solution File, Format Version 11.00
# Visual Studio 2010
Project("{FAE04EC0-301F-11D3-BF4B-00C04F79EFBC}") = "Hooter", "Assembly-CSharp.csproj", "{CFA188A3-0AA3-A0F2-F192-A4B25EC86713}"
EndProject
Global
	GlobalSection(SolutionConfigurationPlatforms) = preSolution
		Debug|Any CPU = Debug|Any CPU
		Release|Any CPU = Release|Any CPU
	EndGlobalSection
	GlobalSection(ProjectConfigurationPlatforms) = postSolution
		{CFA188A3-0AA3-A0F2-F192-A4B25EC86713}.Debug|Any CPU.ActiveCfg = Debug|Any CPU
		{CFA188A3-0AA3-A0F2-F192-A4B25EC86713}.Debug|Any CPU.Build.0 = Debug|Any CPU
		{CFA188A3-0AA3-A0F2-F192-A4B25EC86713}.Release|Any CPU.ActiveCfg = Release|Any CPU
		{CFA188A3-0AA3-A0F2-F192-A4B25EC86713}.Release|Any CPU.Build.0 = Release|Any CPU
	EndGlobalSection
	GlobalSection(SolutionProperties) = preSolution
		HideSolutionNode = FALSE
	EndGlobalSection
	GlobalSection(MonoDevelopProperties) = preSolution
		StartupItem = Assembly-CSharp.csproj
	EndGlobalSection
EndGlobal
